
Microsoft Visual Studio Solution File, Format Version 11.00
# Visual Studio 2010
Project("{8BC9CEB8-8B4A-11D0-8D11-00A0C91BC942}") = "HashForKeyword", "HashForKeyword\HashForKeyword.vcxproj", "{65CF2E70-E799-DE76-D0DD-2AEBBDCC3B50}"
EndProject
Project("{8BC9CEB8-8B4A-11D0-8D11-00A0C91BC942}") = "PTP", "macdll\PTP\PTP.vcxproj", "{3B9979C0-6D93-9C2C-D769-EF2A0E74842A}"
	ProjectSection(ProjectDependencies) = postProject
		{B877D2F8-7B06-0755-F83C-E055164CB64E} = {B877D2F8-7B06-0755-F83C-E055164CB64E}
	EndProjectSection
EndProject
Project("{8BC9CEB8-8B4A-11D0-8D11-00A0C91BC942}") = "VTS", "VTS.vcxproj", "{C04090AC-D4F3-2452-CC6B-2553E7EF3A51}"
	ProjectSection(ProjectDependencies) = postProject
		{3B9979C0-6D93-9C2C-D769-EF2A0E74842A} = {3B9979C0-6D93-9C2C-D769-EF2A0E74842A}
	EndProjectSection
EndProject
Project("{8BC9CEB8-8B4A-11D0-8D11-00A0C91BC942}") = "sjack", "macdll\sjack\sjack.vcxproj", "{B877D2F8-7B06-0755-F83C-E055164CB64E}"
EndProject
Project("{8BC9CEB8-8B4A-11D0-8D11-00A0C91BC942}") = "VendorIdTable", "VendorIdTable\VendorIdTable.vcxproj", "{6E0082B5-D259-4DBB-A310-EF98BC2E7E1F}"
EndProject
Global
	GlobalSection(SolutionConfigurationPlatforms) = preSolution
		Debug|Win32 = Debug|Win32
		Release|Win32 = Release|Win32
		Template|Win32 = Template|Win32
	EndGlobalSection
	GlobalSection(ProjectConfigurationPlatforms) = postSolution
		{65CF2E70-E799-DE76-D0DD-2AEBBDCC3B50}.Debug|Win32.ActiveCfg = Debug|Win32
		{65CF2E70-E799-DE76-D0DD-2AEBBDCC3B50}.Debug|Win32.Build.0 = Debug|Win32
		{65CF2E70-E799-DE76-D0DD-2AEBBDCC3B50}.Release|Win32.ActiveCfg = Release|Win32
		{65CF2E70-E799-DE76-D0DD-2AEBBDCC3B50}.Release|Win32.Build.0 = Release|Win32
		{65CF2E70-E799-DE76-D0DD-2AEBBDCC3B50}.Template|Win32.ActiveCfg = Release|Win32
		{65CF2E70-E799-DE76-D0DD-2AEBBDCC3B50}.Template|Win32.Build.0 = Release|Win32
		{3B9979C0-6D93-9C2C-D769-EF2A0E74842A}.Debug|Win32.ActiveCfg = Debug|Win32
		{3B9979C0-6D93-9C2C-D769-EF2A0E74842A}.Debug|Win32.Build.0 = Debug|Win32
		{3B9979C0-6D93-9C2C-D769-EF2A0E74842A}.Release|Win32.ActiveCfg = Release|Win32
		{3B9979C0-6D93-9C2C-D769-EF2A0E74842A}.Release|Win32.Build.0 = Release|Win32
		{3B9979C0-6D93-9C2C-D769-EF2A0E74842A}.Template|Win32.ActiveCfg = Template|Win32
		{3B9979C0-6D93-9C2C-D769-EF2A0E74842A}.Template|Win32.Build.0 = Template|Win32
		{C04090AC-D4F3-2452-CC6B-2553E7EF3A51}.Debug|Win32.ActiveCfg = Debug|Win32
		{C04090AC-D4F3-2452-CC6B-2553E7EF3A51}.Debug|Win32.Build.0 = Debug|Win32
		{C04090AC-D4F3-2452-CC6B-2553E7EF3A51}.Release|Win32.ActiveCfg = Release|Win32
		{C04090AC-D4F3-2452-CC6B-2553E7EF3A51}.Release|Win32.Build.0 = Release|Win32
		{C04090AC-D4F3-2452-CC6B-2553E7EF3A51}.Template|Win32.ActiveCfg = Template|Win32
		{C04090AC-D4F3-2452-CC6B-2553E7EF3A51}.Template|Win32.Build.0 = Template|Win32
		{B877D2F8-7B06-0755-F83C-E055164CB64E}.Debug|Win32.ActiveCfg = Debug|Win32
		{B877D2F8-7B06-0755-F83C-E055164CB64E}.Debug|Win32.Build.0 = Debug|Win32
		{B877D2F8-7B06-0755-F83C-E055164CB64E}.Release|Win32.ActiveCfg = Release|Win32
		{B877D2F8-7B06-0755-F83C-E055164CB64E}.Release|Win32.Build.0 = Release|Win32
		{B877D2F8-7B06-0755-F83C-E055164CB64E}.Template|Win32.ActiveCfg = Template|Win32
		{B877D2F8-7B06-0755-F83C-E055164CB64E}.Template|Win32.Build.0 = Template|Win32
		{6E0082B5-D259-4DBB-A310-EF98BC2E7E1F}.Debug|Win32.ActiveCfg = Debug|Win32
		{6E0082B5-D259-4DBB-A310-EF98BC2E7E1F}.Debug|Win32.Build.0 = Debug|Win32
		{6E0082B5-D259-4DBB-A310-EF98BC2E7E1F}.Release|Win32.ActiveCfg = Release|Win32
		{6E0082B5-D259-4DBB-A310-EF98BC2E7E1F}.Release|Win32.Build.0 = Release|Win32
		{6E0082B5-D259-4DBB-A310-EF98BC2E7E1F}.Template|Win32.ActiveCfg = Release|Win32
		{6E0082B5-D259-4DBB-A310-EF98BC2E7E1F}.Template|Win32.Build.0 = Release|Win32
	EndGlobalSection
	GlobalSection(SolutionProperties) = preSolution
		HideSolutionNode = FALSE
	EndGlobalSection
EndGlobal
